
Microsoft Visual Studio Solution File, Format Version 12.00
# Visual Studio 15
VisualStudioVersion = 15.0.27428.1
MinimumVisualStudioVersion = 10.0.40219.1
Project("{9A19103F-16F7-4668-BE54-9A1E7A4F7556}") = "myNetCoreApp", "myNetCoreApp\myNetCoreApp.csproj", "{7F77DF9E-2247-4F7A-BC81-A156333DBE96}"
EndProject
Global
	GlobalSection(SolutionConfigurationPlatforms) = preSolution
		Debug|Any CPU = Debug|Any CPU
		Release|Any CPU = Release|Any CPU
	EndGlobalSection
	GlobalSection(ProjectConfigurationPlatforms) = postSolution
		{7F77DF9E-2247-4F7A-BC81-A156333DBE96}.Debug|Any CPU.ActiveCfg = Debug|Any CPU
		{7F77DF9E-2247-4F7A-BC81-A156333DBE96}.Debug|Any CPU.Build.0 = Debug|Any CPU
		{7F77DF9E-2247-4F7A-BC81-A156333DBE96}.Release|Any CPU.ActiveCfg = Release|Any CPU
		{7F77DF9E-2247-4F7A-BC81-A156333DBE96}.Release|Any CPU.Build.0 = Release|Any CPU
	EndGlobalSection
	GlobalSection(SolutionProperties) = preSolution
		HideSolutionNode = FALSE
	EndGlobalSection
	GlobalSection(ExtensibilityGlobals) = postSolution
		SolutionGuid = {ABB7A219-A789-461C-A419-FDE8AA778F95}
	EndGlobalSection
EndGlobal
